
Microsoft Visual Studio Solution File, Format Version 12.00
# Visual Studio Version 16
VisualStudioVersion = 16.0.31729.503
MinimumVisualStudioVersion = 10.0.40219.1
Project("{FAE04EC0-301F-11D3-BF4B-00C04F79EFBC}") = "prjXISD-ASP-Framework", "prjXISD-ASP-Framework\prjXISD-ASP-Framework.csproj", "{7DB51A33-5C99-4A5D-938D-42EDB59B18D6}"
EndProject
Global
	GlobalSection(SolutionConfigurationPlatforms) = preSolution
		Debug|Any CPU = Debug|Any CPU
		Release|Any CPU = Release|Any CPU
	EndGlobalSection
	GlobalSection(ProjectConfigurationPlatforms) = postSolution
		{7DB51A33-5C99-4A5D-938D-42EDB59B18D6}.Debug|Any CPU.ActiveCfg = Debug|Any CPU
		{7DB51A33-5C99-4A5D-938D-42EDB59B18D6}.Debug|Any CPU.Build.0 = Debug|Any CPU
		{7DB51A33-5C99-4A5D-938D-42EDB59B18D6}.Release|Any CPU.ActiveCfg = Release|Any CPU
		{7DB51A33-5C99-4A5D-938D-42EDB59B18D6}.Release|Any CPU.Build.0 = Release|Any CPU
	EndGlobalSection
	GlobalSection(SolutionProperties) = preSolution
		HideSolutionNode = FALSE
	EndGlobalSection
	GlobalSection(ExtensibilityGlobals) = postSolution
		SolutionGuid = {1FF4BFB6-C2AB-4B9B-81E3-18759DF16094}
	EndGlobalSection
EndGlobal
